
Microsoft Visual Studio Solution File, Format Version 12.00
# Visual Studio 15
VisualStudioVersion = 15.0.27703.2000
MinimumVisualStudioVersion = 10.0.40219.1
Project("{FAE04EC0-301F-11D3-BF4B-00C04F79EFBC}") = "ValidMsisdnFileGenerate.Web", "ValidMsisdnFileGenerate.Web\ValidMsisdnFileGenerate.Web.csproj", "{6CFBB39A-6B69-43F4-9B8B-ACEB0F9BE6CC}"
EndProject
Global
	GlobalSection(SolutionConfigurationPlatforms) = preSolution
		Debug|Any CPU = Debug|Any CPU
		Release|Any CPU = Release|Any CPU
	EndGlobalSection
	GlobalSection(ProjectConfigurationPlatforms) = postSolution
		{6CFBB39A-6B69-43F4-9B8B-ACEB0F9BE6CC}.Debug|Any CPU.ActiveCfg = Debug|Any CPU
		{6CFBB39A-6B69-43F4-9B8B-ACEB0F9BE6CC}.Debug|Any CPU.Build.0 = Debug|Any CPU
		{6CFBB39A-6B69-43F4-9B8B-ACEB0F9BE6CC}.Release|Any CPU.ActiveCfg = Release|Any CPU
		{6CFBB39A-6B69-43F4-9B8B-ACEB0F9BE6CC}.Release|Any CPU.Build.0 = Release|Any CPU
	EndGlobalSection
	GlobalSection(SolutionProperties) = preSolution
		HideSolutionNode = FALSE
	EndGlobalSection
	GlobalSection(ExtensibilityGlobals) = postSolution
		SolutionGuid = {AAA8F169-8387-4D11-9787-0CEE0F0FE6CA}
	EndGlobalSection
EndGlobal
